<?xml version="1.0" encoding="utf-8"?>
<Project ToolsVersion="4.0" xmlns="http://schemas.microsoft.com/developer/msbuild/2003">
  <ItemGroup>
    <Filter Include="Source Files">
      <UniqueIdentifier>{4FC737F1-C7A5-4376-A066-2A32D752A2FF}</UniqueIdentifier>
      <Extensions>cpp;c;cc;cxx;def;odl;idl;hpj;bat;asm;asmx</Extensions>
    </Filter>
    <Filter Include="Header Files">
      <UniqueIdentifier>{93995380-89BD-4b04-88EB-625FBE52EBFB}</UniqueIdentifier>
      <Extensions>h;hh;hpp;hxx;hm;inl;inc;xsd</Extensions>
    </Filter>
    <Filter Include="Resource Files">
      <UniqueIdentifier>{67DA6AB6-F800-4c08-8B7A-83BB121AAD01}</UniqueIdentifier>
      <Extensions>rc;ico;cur;bmp;dlg;rc2;rct;bin;rgs;gif;jpg;jpeg;jpe;resx;tiff;tif;png;wav;mfcribbon-ms</Extensions>
    </Filter>
    <Filter Include="Shaders">
      <UniqueIdentifier>{d2d65f51-99e7-4492-94c5-5658c8357dc6}</UniqueIdentifier>
    </Filter>
    <Filter Include="Resource Files\Textures">
      <UniqueIdentifier>{beacb635-8513-4490-9454-d5fee8b6dc83}</UniqueIdentifier>
    </Filter>
    <Filter Include="Resource Files\Textures\Backgrounds">
      <UniqueIdentifier>{27c62044-f2b4-411e-8577-781a9551a425}</UniqueIdentifier>
    </Filter>
    <Filter Include="Resource Files\Textures\Characters">
      <UniqueIdentifier>{6a8ce41d-46cf-4037-8206-dd30f1a358e1}</UniqueIdentifier>
    </Filter>
    <Filter Include="Resource Files\Textures\Enemies">
      <UniqueIdentifier>{dd6a9064-0998-471d-b3a4-25d509833b54}</UniqueIdentifier>
    </Filter>
    <Filter Include="Resource Files\Textures\Enemies\Slime">
      <UniqueIdentifier>{fd345649-dbe7-440e-80b7-65d0f6cb3708}</UniqueIdentifier>
    </Filter>
    <Filter Include="Resource Files\Textures\Enemies\Slime\Blue Slime">
      <UniqueIdentifier>{d88257e9-d8b6-4138-9ed3-702de180a916}</UniqueIdentifier>
    </Filter>
    <Filter Include="Resource Files\Textures\Characters\Mage">
      <UniqueIdentifier>{c238a968-573c-4c72-8aee-7288ba9ce27f}</UniqueIdentifier>
    </Filter>
    <Filter Include="Resource Files\Textures\Characters\Rogue">
      <UniqueIdentifier>{9b985e22-291e-447d-8f19-4dbd1f604efa}</UniqueIdentifier>
    </Filter>
    <Filter Include="Resource Files\Textures\Characters\Rogue\Idle">
      <UniqueIdentifier>{3027ea54-29b5-429e-9db1-b7fa4790e182}</UniqueIdentifier>
    </Filter>
    <Filter Include="Resource Files\Textures\Characters\Mage\Idle">
      <UniqueIdentifier>{e2f6eae6-a32e-4940-b0e6-3e51be5bf05a}</UniqueIdentifier>
    </Filter>
    <Filter Include="Resource Files\Textures\Characters\Knight">
      <UniqueIdentifier>{f71ee80f-2e61-44b4-9f00-71e24e667c73}</UniqueIdentifier>
    </Filter>
    <Filter Include="Resource Files\Textures\Characters\Knight\Idle">
      <UniqueIdentifier>{9af2bbf4-33b4-4e35-a284-8c497767ebff}</UniqueIdentifier>
    </Filter>
  </ItemGroup>
  <ItemGroup>
    <ClCompile Include="Source.cpp">
      <Filter>Source Files</Filter>
    </ClCompile>
    <ClCompile Include="glad.c">
      <Filter>Source Files</Filter>
    </ClCompile>
    <ClCompile Include="..\..\Common\src\Shader.cpp">
      <Filter>Source Files</Filter>
    </ClCompile>
    <ClCompile Include="..\..\Dependencies\stb_image\stb_image.cpp">
      <Filter>Source Files</Filter>
    </ClCompile>
    <ClCompile Include="Sprite.cpp">
      <Filter>Source Files</Filter>
    </ClCompile>
  </ItemGroup>
  <ItemGroup>
    <ClInclude Include="..\..\Common\include\Shader.h">
      <Filter>Header Files</Filter>
    </ClInclude>
    <ClInclude Include="Sprite.h">
      <Filter>Header Files</Filter>
    </ClInclude>
  </ItemGroup>
  <ItemGroup>
    <None Include="..\shaders\tex.fs">
      <Filter>Shaders</Filter>
    </None>
    <None Include="..\shaders\tex.vs">
      <Filter>Shaders</Filter>
    </None>
  </ItemGroup>
  <ItemGroup>
    <Image Include="Textures\backgrounds\fantasy-set\PNG\Battleground2\Bright\Battleground2.png">
      <Filter>Resource Files\Textures\Backgrounds</Filter>
    </Image>
    <Image Include="Textures\characters\PNG\Knight\Idle\idle1.png">
      <Filter>Resource Files\Textures\Characters\Knight\Idle</Filter>
    </Image>
    <Image Include="Textures\blue_slime.png">
      <Filter>Resource Files\Textures\Enemies\Slime\Blue Slime</Filter>
    </Image>
    <Image Include="Textures\characters\PNG\Mage\Idle\idle1.png">
      <Filter>Resource Files\Textures\Characters\Mage\Idle</Filter>
    </Image>
    <Image Include="Textures\characters\PNG\Rogue\Idle\idle1.png">
      <Filter>Resource Files\Textures\Characters\Rogue\Idle</Filter>
    </Image>
  </ItemGroup>
</Project>