<?xml version="1.0" encoding="utf-8"?>
<Project ToolsVersion="4.0" xmlns="http://schemas.microsoft.com/developer/msbuild/2003">
  <ItemGroup>
    <Filter Include="Source Files">
      <UniqueIdentifier>{4FC737F1-C7A5-4376-A066-2A32D752A2FF}</UniqueIdentifier>
      <Extensions>cpp;c;cc;cxx;def;odl;idl;hpj;bat;asm;asmx</Extensions>
    </Filter>
    <Filter Include="Header Files">
      <UniqueIdentifier>{93995380-89BD-4b04-88EB-625FBE52EBFB}</UniqueIdentifier>
      <Extensions>h;hh;hpp;hxx;hm;inl;inc;xsd</Extensions>
    </Filter>
    <Filter Include="Resource Files">
      <UniqueIdentifier>{67DA6AB6-F800-4c08-8B7A-83BB121AAD01}</UniqueIdentifier>
      <Extensions>rc;ico;cur;bmp;dlg;rc2;rct;bin;rgs;gif;jpg;jpeg;jpe;resx;tiff;tif;png;wav;mfcribbon-ms</Extensions>
    </Filter>
    <Filter Include="Shaders">
      <UniqueIdentifier>{d2d65f51-99e7-4492-94c5-5658c8357dc6}</UniqueIdentifier>
    </Filter>
    <Filter Include="Resource Files\Textures">
      <UniqueIdentifier>{beacb635-8513-4490-9454-d5fee8b6dc83}</UniqueIdentifier>
    </Filter>
    <Filter Include="Resource Files\Textures\Backgrounds">
      <UniqueIdentifier>{27c62044-f2b4-411e-8577-781a9551a425}</UniqueIdentifier>
    </Filter>
    <Filter Include="Resource Files\Textures\Main Characters">
      <UniqueIdentifier>{2fdb0950-3d90-4b22-930b-1768edb16cf9}</UniqueIdentifier>
    </Filter>
    <Filter Include="Resource Files\Textures\Main Characters\1">
      <UniqueIdentifier>{32026593-9a19-4c38-a940-97cc81fd78dd}</UniqueIdentifier>
    </Filter>
    <Filter Include="Resource Files\Textures\Main Characters\2">
      <UniqueIdentifier>{f0e4c40a-b33a-4af3-983b-16694428a859}</UniqueIdentifier>
    </Filter>
    <Filter Include="Resource Files\Textures\Main Characters\3">
      <UniqueIdentifier>{a156dde5-902a-4ce6-82a0-106ae2179e55}</UniqueIdentifier>
    </Filter>
  </ItemGroup>
  <ItemGroup>
    <ClCompile Include="Source.cpp">
      <Filter>Source Files</Filter>
    </ClCompile>
    <ClCompile Include="glad.c">
      <Filter>Source Files</Filter>
    </ClCompile>
    <ClCompile Include="..\..\Common\src\Shader.cpp">
      <Filter>Source Files</Filter>
    </ClCompile>
    <ClCompile Include="..\..\Dependencies\stb_image\stb_image.cpp">
      <Filter>Source Files</Filter>
    </ClCompile>
    <ClCompile Include="Sprite.cpp">
      <Filter>Source Files</Filter>
    </ClCompile>
    <ClCompile Include="CharacterController.cpp">
      <Filter>Source Files</Filter>
    </ClCompile>
  </ItemGroup>
  <ItemGroup>
    <ClInclude Include="..\..\Common\include\Shader.h">
      <Filter>Header Files</Filter>
    </ClInclude>
    <ClInclude Include="Sprite.h">
      <Filter>Header Files</Filter>
    </ClInclude>
    <ClInclude Include="CharacterController.h">
      <Filter>Header Files</Filter>
    </ClInclude>
  </ItemGroup>
  <ItemGroup>
    <None Include="..\shaders\tex.fs">
      <Filter>Shaders</Filter>
    </None>
    <None Include="..\shaders\tex.vs">
      <Filter>Shaders</Filter>
    </None>
  </ItemGroup>
  <ItemGroup>
    <Image Include="Textures\backgrounds\fantasy-set\PNG\Battleground2\Bright\Battleground2.png">
      <Filter>Resource Files\Textures\Backgrounds</Filter>
    </Image>
    <Image Include="Textures\Game KIT\1 Main Characters\2\Double_Jump.png">
      <Filter>Resource Files\Textures\Main Characters\2</Filter>
    </Image>
    <Image Include="Textures\Game KIT\1 Main Characters\2\Fall.png">
      <Filter>Resource Files\Textures\Main Characters\2</Filter>
    </Image>
    <Image Include="Textures\Game KIT\1 Main Characters\2\Hit.png">
      <Filter>Resource Files\Textures\Main Characters\2</Filter>
    </Image>
    <Image Include="Textures\Game KIT\1 Main Characters\2\Idle.png">
      <Filter>Resource Files\Textures\Main Characters\2</Filter>
    </Image>
    <Image Include="Textures\Game KIT\1 Main Characters\2\Jump.png">
      <Filter>Resource Files\Textures\Main Characters\2</Filter>
    </Image>
    <Image Include="Textures\Game KIT\1 Main Characters\2\Run.png">
      <Filter>Resource Files\Textures\Main Characters\2</Filter>
    </Image>
    <Image Include="Textures\Game KIT\1 Main Characters\2\Wall_Jump.png">
      <Filter>Resource Files\Textures\Main Characters\2</Filter>
    </Image>
    <Image Include="Textures\Game KIT\1 Main Characters\1\Double_Jump.png">
      <Filter>Resource Files\Textures\Main Characters\1</Filter>
    </Image>
    <Image Include="Textures\Game KIT\1 Main Characters\1\Fall.png">
      <Filter>Resource Files\Textures\Main Characters\1</Filter>
    </Image>
    <Image Include="Textures\Game KIT\1 Main Characters\1\Hit.png">
      <Filter>Resource Files\Textures\Main Characters\1</Filter>
    </Image>
    <Image Include="Textures\Game KIT\1 Main Characters\1\Idle.png">
      <Filter>Resource Files\Textures\Main Characters\1</Filter>
    </Image>
    <Image Include="Textures\Game KIT\1 Main Characters\1\Jump.png">
      <Filter>Resource Files\Textures\Main Characters\1</Filter>
    </Image>
    <Image Include="Textures\Game KIT\1 Main Characters\1\Run.png">
      <Filter>Resource Files\Textures\Main Characters\1</Filter>
    </Image>
    <Image Include="Textures\Game KIT\1 Main Characters\1\Wall_Jump.png">
      <Filter>Resource Files\Textures\Main Characters\1</Filter>
    </Image>
    <Image Include="Textures\Game KIT\1 Main Characters\3\Double_Jump.png">
      <Filter>Resource Files\Textures\Main Characters\3</Filter>
    </Image>
    <Image Include="Textures\Game KIT\1 Main Characters\3\Fall.png">
      <Filter>Resource Files\Textures\Main Characters\3</Filter>
    </Image>
    <Image Include="Textures\Game KIT\1 Main Characters\3\Hit.png">
      <Filter>Resource Files\Textures\Main Characters\3</Filter>
    </Image>
    <Image Include="Textures\Game KIT\1 Main Characters\3\Idle.png">
      <Filter>Resource Files\Textures\Main Characters\3</Filter>
    </Image>
    <Image Include="Textures\Game KIT\1 Main Characters\3\Jump.png">
      <Filter>Resource Files\Textures\Main Characters\3</Filter>
    </Image>
    <Image Include="Textures\Game KIT\1 Main Characters\3\Run.png">
      <Filter>Resource Files\Textures\Main Characters\3</Filter>
    </Image>
    <Image Include="Textures\Game KIT\1 Main Characters\3\Wall_Jump.png">
      <Filter>Resource Files\Textures\Main Characters\3</Filter>
    </Image>
  </ItemGroup>
</Project>